
Microsoft Visual Studio Solution File, Format Version 12.00
# Visual Studio Version 17
VisualStudioVersion = 17.7.34018.315
MinimumVisualStudioVersion = 10.0.40219.1
Project("{9A19103F-16F7-4668-BE54-9A1E7A4F7556}") = "WinFormsApp1", "WinFormsApp1\WinFormsApp1.csproj", "{C9C597D0-E4BC-4E63-8987-B7CE8872DA6E}"
EndProject
Project("{FAE04EC0-301F-11D3-BF4B-00C04F79EFBC}") = "projekt2.2", "projekt2.2\projekt2.2.csproj", "{150386FC-7F95-4D9F-85E5-886EE414CAB9}"
EndProject
Project("{FAE04EC0-301F-11D3-BF4B-00C04F79EFBC}") = "projekt2.1", "projekt2.1\projekt2.1.csproj", "{CBDDBF81-05C1-4F73-85C3-D43859289245}"
EndProject
Project("{FAE04EC0-301F-11D3-BF4B-00C04F79EFBC}") = "Uppgift 2.2", "Uppgift 2.2\Uppgift 2.2.csproj", "{A311FBED-DB35-4273-8011-F5E8E206C4D4}"
EndProject
Project("{FAE04EC0-301F-11D3-BF4B-00C04F79EFBC}") = "övning3.1", "övning3.1\övning3.1.csproj", "{209C17C5-30C2-43CB-A5F2-AE1372245179}"
EndProject
Project("{FAE04EC0-301F-11D3-BF4B-00C04F79EFBC}") = "övning 3.2", "övning 3.2\övning 3.2.csproj", "{F31ECD21-72A6-4779-8551-143ECF27EFFD}"
EndProject
Project("{FAE04EC0-301F-11D3-BF4B-00C04F79EFBC}") = "övning 3.3", "övning 3.3\övning 3.3.csproj", "{161058A2-3AB7-4DE1-85A3-563055BAFBC6}"
EndProject
Project("{FAE04EC0-301F-11D3-BF4B-00C04F79EFBC}") = "Övning3.4", "Övning3.4\Övning3.4.csproj", "{C71C0EA9-C7FB-4942-8D01-002D821F5A6A}"
EndProject
Project("{FAE04EC0-301F-11D3-BF4B-00C04F79EFBC}") = "Övning 3.5", "Övning 3.5\Övning 3.5.csproj", "{22BDDE66-1753-477F-AFCF-A5EFC460F45F}"
EndProject
Project("{FAE04EC0-301F-11D3-BF4B-00C04F79EFBC}") = "Övning 3.6", "Övning 3.6\Övning 3.6.csproj", "{F54606C2-33DE-42DD-8493-41CE640E94E1}"
EndProject
Project("{FAE04EC0-301F-11D3-BF4B-00C04F79EFBC}") = "Övning3.7", "Övning3.7\Övning3.7.csproj", "{733153BD-6B39-466F-86D4-A97E807FD879}"
EndProject
Project("{FAE04EC0-301F-11D3-BF4B-00C04F79EFBC}") = "Övning3.8", "Övning3.8\Övning3.8.csproj", "{FECB06B6-F750-4237-A7F6-7AAD8583A2FD}"
EndProject
Project("{FAE04EC0-301F-11D3-BF4B-00C04F79EFBC}") = "Övning 3.9", "Övning 3.9\Övning 3.9.csproj", "{9044DC74-981A-4611-8C54-BE2E019F3033}"
EndProject
Project("{FAE04EC0-301F-11D3-BF4B-00C04F79EFBC}") = "Uppgift3.4", "Uppgift3.4\Uppgift3.4.csproj", "{63CF658D-4EFB-49DF-BBF2-01F5E63091DD}"
EndProject
Project("{FAE04EC0-301F-11D3-BF4B-00C04F79EFBC}") = "Uppgift 3.4B", "Uppgift 3.4B\Uppgift 3.4B.csproj", "{17BB2F91-7FAD-40D2-B024-DD651FEBD385}"
EndProject
Project("{FAE04EC0-301F-11D3-BF4B-00C04F79EFBC}") = "Övning5.1", "Övning5.1\Övning5.1.csproj", "{50F6C12C-7541-469B-B91D-CD24B83B8B3C}"
EndProject
Project("{FAE04EC0-301F-11D3-BF4B-00C04F79EFBC}") = "Övning5.2", "Övning5.2\Övning5.2.csproj", "{ED0FD45C-74A9-4192-9DD0-8C999B7D1FC1}"
EndProject
Project("{FAE04EC0-301F-11D3-BF4B-00C04F79EFBC}") = "Övning5.3", "Övning5.3\Övning5.3.csproj", "{A743EF15-89E7-4E3B-A8A7-BF4AD91A61D9}"
EndProject
Project("{FAE04EC0-301F-11D3-BF4B-00C04F79EFBC}") = "Övning5.4", "Övning5.4\Övning5.4.csproj", "{A0538969-E525-46C5-9697-411360504D72}"
EndProject
Project("{FAE04EC0-301F-11D3-BF4B-00C04F79EFBC}") = "uppgift 5.1", "uppgift 5.1\uppgift 5.1.csproj", "{3D569105-5FFB-4DF9-97EF-474F1FA246C8}"
EndProject
Project("{FAE04EC0-301F-11D3-BF4B-00C04F79EFBC}") = "Uppgift 5.2", "Uppgift 5.2\Uppgift 5.2.csproj", "{60CBCE5B-A69A-46E4-AEB0-8384E10E2CEC}"
EndProject
Project("{FAE04EC0-301F-11D3-BF4B-00C04F79EFBC}") = "Uppgift5.3", "Uppgift5.3\Uppgift5.3.csproj", "{5BCA739D-2145-4415-93E7-441F843C07FD}"
EndProject
Project("{FAE04EC0-301F-11D3-BF4B-00C04F79EFBC}") = "uppgift 5.4", "uppgift 5.4\uppgift 5.4.csproj", "{1C54960D-892E-46B3-ACBD-AA6FF879AF98}"
EndProject
Project("{FAE04EC0-301F-11D3-BF4B-00C04F79EFBC}") = "Övning7.1", "Övning7.1\Övning7.1.csproj", "{F673887D-7DAC-47AE-B331-E277B3E0E815}"
EndProject
Project("{FAE04EC0-301F-11D3-BF4B-00C04F79EFBC}") = "övning7.2", "övning7.2\övning7.2.csproj", "{497ED91A-0720-42F2-BAC2-7A7F2595D305}"
EndProject
Project("{FAE04EC0-301F-11D3-BF4B-00C04F79EFBC}") = "Övning7.3", "Övning7.3\Övning7.3.csproj", "{FDA189A4-ED04-4A0B-9F62-F0CD7C06D31A}"
EndProject
Project("{FAE04EC0-301F-11D3-BF4B-00C04F79EFBC}") = "Övning7.4", "Övning7.4\Övning7.4.csproj", "{F253A0F5-68B8-4441-A5B1-41C0BE3F04B8}"
EndProject
Project("{FAE04EC0-301F-11D3-BF4B-00C04F79EFBC}") = "Övning7.5", "Övning7.5\Övning7.5.csproj", "{8299AAED-4532-44C8-9231-627421549C2C}"
EndProject
Project("{FAE04EC0-301F-11D3-BF4B-00C04F79EFBC}") = "Övning 7.6", "Övning 7.6\Övning 7.6.csproj", "{30242F5F-62EB-4449-9B0B-B3E6846D8044}"
EndProject
Project("{FAE04EC0-301F-11D3-BF4B-00C04F79EFBC}") = "Övning 7.7", "Övning 7.7\Övning 7.7.csproj", "{94AFDF59-5516-4DCC-AE84-9DB240C003CB}"
EndProject
Project("{FAE04EC0-301F-11D3-BF4B-00C04F79EFBC}") = "Uppgift 7.1", "Uppgift 7.1\Uppgift 7.1.csproj", "{91A69A1D-16B2-419B-BBA9-A86066DF79CC}"
EndProject
Project("{FAE04EC0-301F-11D3-BF4B-00C04F79EFBC}") = "Uppgift 7.2", "Uppgift 7.2\Uppgift 7.2.csproj", "{2DB0067F-B03C-4C14-9D59-68F5501EC68E}"
EndProject
Project("{FAE04EC0-301F-11D3-BF4B-00C04F79EFBC}") = "Uppgift 7.3", "Uppgift 7.3\Uppgift 7.3.csproj", "{429783BB-3465-4EF6-89F7-74D36CFD49EC}"
EndProject
Project("{FAE04EC0-301F-11D3-BF4B-00C04F79EFBC}") = "Uppgift7.4", "Uppgift7.4\Uppgift7.4.csproj", "{FBFF10BE-E8CC-4130-962F-42EE4624C6C2}"
EndProject
Project("{FAE04EC0-301F-11D3-BF4B-00C04F79EFBC}") = "övning8.1", "övning8.1\övning8.1.csproj", "{CFB4270F-626A-4077-84D9-8DE4DF96EE17}"
EndProject
Project("{FAE04EC0-301F-11D3-BF4B-00C04F79EFBC}") = "Övning9.1", "Övning9.1\Övning9.1.csproj", "{8D05A7A8-6429-4402-B16F-CFD578B74534}"
EndProject
Project("{FAE04EC0-301F-11D3-BF4B-00C04F79EFBC}") = "Övning9.2", "Övning9.2\Övning9.2.csproj", "{EF4BB992-492D-409E-865F-F1AD75FC0668}"
EndProject
Project("{FAE04EC0-301F-11D3-BF4B-00C04F79EFBC}") = "Övning9.3", "Övning9.3\Övning9.3.csproj", "{94EB3B01-3D24-4E52-991D-8FFEB8C29FEB}"
EndProject
Project("{FAE04EC0-301F-11D3-BF4B-00C04F79EFBC}") = "övning9.4", "övning9.4\övning9.4.csproj", "{37891C91-9F7F-4FD7-B92C-172D62FDF037}"
EndProject
Project("{FAE04EC0-301F-11D3-BF4B-00C04F79EFBC}") = "Övning 9.5", "Övning 9.5\Övning 9.5.csproj", "{B7E53C1B-0E7B-4470-B6B8-3C9AFF46EC56}"
EndProject
Project("{FAE04EC0-301F-11D3-BF4B-00C04F79EFBC}") = "Övning9.7", "Övning9.7\Övning9.7.csproj", "{E33B0841-7125-4C38-9604-9F83B5362486}"
EndProject
Project("{FAE04EC0-301F-11D3-BF4B-00C04F79EFBC}") = "Övning9.8", "Övning9.8\Övning9.8.csproj", "{641E4EE7-373E-44B0-BD18-BA610258B740}"
EndProject
Project("{FAE04EC0-301F-11D3-BF4B-00C04F79EFBC}") = "övning9.9", "övning9.9\övning9.9.csproj", "{1E66796A-1861-4C88-B9DB-22F3F15A9633}"
EndProject
Project("{FAE04EC0-301F-11D3-BF4B-00C04F79EFBC}") = "Övning 9.10", "Övning 9.10\Övning 9.10.csproj", "{1F49D4F7-824C-43D1-BDE8-8607D1ED7FBA}"
EndProject
Project("{FAE04EC0-301F-11D3-BF4B-00C04F79EFBC}") = "Övning10.1", "Övning10.1\Övning10.1.csproj", "{A71F942A-7042-4EEA-A4ED-EC13A24C2171}"
EndProject
Project("{FAE04EC0-301F-11D3-BF4B-00C04F79EFBC}") = "Övning10.2", "Övning10.2\Övning10.2.csproj", "{87C80A53-52D4-4E44-9F13-32892106E454}"
EndProject
Project("{FAE04EC0-301F-11D3-BF4B-00C04F79EFBC}") = "Övning10.4", "Övning10.4\Övning10.4.csproj", "{3D842042-B955-4BDA-9596-8ADC3C66EB28}"
EndProject
Project("{FAE04EC0-301F-11D3-BF4B-00C04F79EFBC}") = "Övning 10.5", "Övning 10.5\Övning 10.5.csproj", "{264B9961-5291-4B67-8AB0-A6958AFABBF3}"
EndProject
Project("{FAE04EC0-301F-11D3-BF4B-00C04F79EFBC}") = "Övning10.6", "Övning10.6\Övning10.6.csproj", "{95EFB96D-7A50-4125-9AC2-5075E751BA5C}"
EndProject
Project("{FAE04EC0-301F-11D3-BF4B-00C04F79EFBC}") = "övning10.7", "övning10.7\övning10.7.csproj", "{DC34B3ED-562F-4685-A4A9-CC9283C8BBB7}"
EndProject
Project("{FAE04EC0-301F-11D3-BF4B-00C04F79EFBC}") = "uppgift10.1", "uppgift10.1\uppgift10.1.csproj", "{323BE714-1CCB-424A-9C33-803EA83B77F3}"
EndProject
Project("{FAE04EC0-301F-11D3-BF4B-00C04F79EFBC}") = "uppgift 10.2", "uppgift 10.2\uppgift 10.2.csproj", "{C3FF4248-5EB6-4E8D-8137-50698093D784}"
EndProject
Project("{FAE04EC0-301F-11D3-BF4B-00C04F79EFBC}") = "uppgift10.3", "uppgift10.3\uppgift10.3.csproj", "{96988E6F-2202-4F17-95E6-57F5B7F41CDB}"
EndProject
Project("{FAE04EC0-301F-11D3-BF4B-00C04F79EFBC}") = "uppgift 10.4", "uppgift 10.4\uppgift 10.4.csproj", "{DB109C93-1475-44D8-BC1F-8BF144B2D203}"
EndProject
Project("{FAE04EC0-301F-11D3-BF4B-00C04F79EFBC}") = "uppgift 10.5", "uppgift 10.5\uppgift 10.5.csproj", "{17CEC6AF-1906-43E3-A369-07B40BB3434F}"
EndProject
Global
	GlobalSection(SolutionConfigurationPlatforms) = preSolution
		Debug|Any CPU = Debug|Any CPU
		Release|Any CPU = Release|Any CPU
	EndGlobalSection
	GlobalSection(ProjectConfigurationPlatforms) = postSolution
		{C9C597D0-E4BC-4E63-8987-B7CE8872DA6E}.Debug|Any CPU.ActiveCfg = Debug|Any CPU
		{C9C597D0-E4BC-4E63-8987-B7CE8872DA6E}.Debug|Any CPU.Build.0 = Debug|Any CPU
		{C9C597D0-E4BC-4E63-8987-B7CE8872DA6E}.Release|Any CPU.ActiveCfg = Release|Any CPU
		{C9C597D0-E4BC-4E63-8987-B7CE8872DA6E}.Release|Any CPU.Build.0 = Release|Any CPU
		{150386FC-7F95-4D9F-85E5-886EE414CAB9}.Debug|Any CPU.ActiveCfg = Debug|Any CPU
		{150386FC-7F95-4D9F-85E5-886EE414CAB9}.Debug|Any CPU.Build.0 = Debug|Any CPU
		{150386FC-7F95-4D9F-85E5-886EE414CAB9}.Release|Any CPU.ActiveCfg = Release|Any CPU
		{150386FC-7F95-4D9F-85E5-886EE414CAB9}.Release|Any CPU.Build.0 = Release|Any CPU
		{CBDDBF81-05C1-4F73-85C3-D43859289245}.Debug|Any CPU.ActiveCfg = Debug|Any CPU
		{CBDDBF81-05C1-4F73-85C3-D43859289245}.Debug|Any CPU.Build.0 = Debug|Any CPU
		{CBDDBF81-05C1-4F73-85C3-D43859289245}.Release|Any CPU.ActiveCfg = Release|Any CPU
		{CBDDBF81-05C1-4F73-85C3-D43859289245}.Release|Any CPU.Build.0 = Release|Any CPU
		{A311FBED-DB35-4273-8011-F5E8E206C4D4}.Debug|Any CPU.ActiveCfg = Debug|Any CPU
		{A311FBED-DB35-4273-8011-F5E8E206C4D4}.Debug|Any CPU.Build.0 = Debug|Any CPU
		{A311FBED-DB35-4273-8011-F5E8E206C4D4}.Release|Any CPU.ActiveCfg = Release|Any CPU
		{A311FBED-DB35-4273-8011-F5E8E206C4D4}.Release|Any CPU.Build.0 = Release|Any CPU
		{209C17C5-30C2-43CB-A5F2-AE1372245179}.Debug|Any CPU.ActiveCfg = Debug|Any CPU
		{209C17C5-30C2-43CB-A5F2-AE1372245179}.Debug|Any CPU.Build.0 = Debug|Any CPU
		{209C17C5-30C2-43CB-A5F2-AE1372245179}.Release|Any CPU.ActiveCfg = Release|Any CPU
		{209C17C5-30C2-43CB-A5F2-AE1372245179}.Release|Any CPU.Build.0 = Release|Any CPU
		{F31ECD21-72A6-4779-8551-143ECF27EFFD}.Debug|Any CPU.ActiveCfg = Debug|Any CPU
		{F31ECD21-72A6-4779-8551-143ECF27EFFD}.Debug|Any CPU.Build.0 = Debug|Any CPU
		{F31ECD21-72A6-4779-8551-143ECF27EFFD}.Release|Any CPU.ActiveCfg = Release|Any CPU
		{F31ECD21-72A6-4779-8551-143ECF27EFFD}.Release|Any CPU.Build.0 = Release|Any CPU
		{161058A2-3AB7-4DE1-85A3-563055BAFBC6}.Debug|Any CPU.ActiveCfg = Debug|Any CPU
		{161058A2-3AB7-4DE1-85A3-563055BAFBC6}.Debug|Any CPU.Build.0 = Debug|Any CPU
		{161058A2-3AB7-4DE1-85A3-563055BAFBC6}.Release|Any CPU.ActiveCfg = Release|Any CPU
		{161058A2-3AB7-4DE1-85A3-563055BAFBC6}.Release|Any CPU.Build.0 = Release|Any CPU
		{C71C0EA9-C7FB-4942-8D01-002D821F5A6A}.Debug|Any CPU.ActiveCfg = Debug|Any CPU
		{C71C0EA9-C7FB-4942-8D01-002D821F5A6A}.Debug|Any CPU.Build.0 = Debug|Any CPU
		{C71C0EA9-C7FB-4942-8D01-002D821F5A6A}.Release|Any CPU.ActiveCfg = Release|Any CPU
		{C71C0EA9-C7FB-4942-8D01-002D821F5A6A}.Release|Any CPU.Build.0 = Release|Any CPU
		{22BDDE66-1753-477F-AFCF-A5EFC460F45F}.Debug|Any CPU.ActiveCfg = Debug|Any CPU
		{22BDDE66-1753-477F-AFCF-A5EFC460F45F}.Debug|Any CPU.Build.0 = Debug|Any CPU
		{22BDDE66-1753-477F-AFCF-A5EFC460F45F}.Release|Any CPU.ActiveCfg = Release|Any CPU
		{22BDDE66-1753-477F-AFCF-A5EFC460F45F}.Release|Any CPU.Build.0 = Release|Any CPU
		{F54606C2-33DE-42DD-8493-41CE640E94E1}.Debug|Any CPU.ActiveCfg = Debug|Any CPU
		{F54606C2-33DE-42DD-8493-41CE640E94E1}.Debug|Any CPU.Build.0 = Debug|Any CPU
		{F54606C2-33DE-42DD-8493-41CE640E94E1}.Release|Any CPU.ActiveCfg = Release|Any CPU
		{F54606C2-33DE-42DD-8493-41CE640E94E1}.Release|Any CPU.Build.0 = Release|Any CPU
		{733153BD-6B39-466F-86D4-A97E807FD879}.Debug|Any CPU.ActiveCfg = Debug|Any CPU
		{733153BD-6B39-466F-86D4-A97E807FD879}.Debug|Any CPU.Build.0 = Debug|Any CPU
		{733153BD-6B39-466F-86D4-A97E807FD879}.Release|Any CPU.ActiveCfg = Release|Any CPU
		{733153BD-6B39-466F-86D4-A97E807FD879}.Release|Any CPU.Build.0 = Release|Any CPU
		{FECB06B6-F750-4237-A7F6-7AAD8583A2FD}.Debug|Any CPU.ActiveCfg = Debug|Any CPU
		{FECB06B6-F750-4237-A7F6-7AAD8583A2FD}.Debug|Any CPU.Build.0 = Debug|Any CPU
		{FECB06B6-F750-4237-A7F6-7AAD8583A2FD}.Release|Any CPU.ActiveCfg = Release|Any CPU
		{FECB06B6-F750-4237-A7F6-7AAD8583A2FD}.Release|Any CPU.Build.0 = Release|Any CPU
		{9044DC74-981A-4611-8C54-BE2E019F3033}.Debug|Any CPU.ActiveCfg = Debug|Any CPU
		{9044DC74-981A-4611-8C54-BE2E019F3033}.Debug|Any CPU.Build.0 = Debug|Any CPU
		{9044DC74-981A-4611-8C54-BE2E019F3033}.Release|Any CPU.ActiveCfg = Release|Any CPU
		{9044DC74-981A-4611-8C54-BE2E019F3033}.Release|Any CPU.Build.0 = Release|Any CPU
		{63CF658D-4EFB-49DF-BBF2-01F5E63091DD}.Debug|Any CPU.ActiveCfg = Debug|Any CPU
		{63CF658D-4EFB-49DF-BBF2-01F5E63091DD}.Debug|Any CPU.Build.0 = Debug|Any CPU
		{63CF658D-4EFB-49DF-BBF2-01F5E63091DD}.Release|Any CPU.ActiveCfg = Release|Any CPU
		{63CF658D-4EFB-49DF-BBF2-01F5E63091DD}.Release|Any CPU.Build.0 = Release|Any CPU
		{17BB2F91-7FAD-40D2-B024-DD651FEBD385}.Debug|Any CPU.ActiveCfg = Debug|Any CPU
		{17BB2F91-7FAD-40D2-B024-DD651FEBD385}.Debug|Any CPU.Build.0 = Debug|Any CPU
		{17BB2F91-7FAD-40D2-B024-DD651FEBD385}.Release|Any CPU.ActiveCfg = Release|Any CPU
		{17BB2F91-7FAD-40D2-B024-DD651FEBD385}.Release|Any CPU.Build.0 = Release|Any CPU
		{50F6C12C-7541-469B-B91D-CD24B83B8B3C}.Debug|Any CPU.ActiveCfg = Debug|Any CPU
		{50F6C12C-7541-469B-B91D-CD24B83B8B3C}.Debug|Any CPU.Build.0 = Debug|Any CPU
		{50F6C12C-7541-469B-B91D-CD24B83B8B3C}.Release|Any CPU.ActiveCfg = Release|Any CPU
		{50F6C12C-7541-469B-B91D-CD24B83B8B3C}.Release|Any CPU.Build.0 = Release|Any CPU
		{ED0FD45C-74A9-4192-9DD0-8C999B7D1FC1}.Debug|Any CPU.ActiveCfg = Debug|Any CPU
		{ED0FD45C-74A9-4192-9DD0-8C999B7D1FC1}.Debug|Any CPU.Build.0 = Debug|Any CPU
		{ED0FD45C-74A9-4192-9DD0-8C999B7D1FC1}.Release|Any CPU.ActiveCfg = Release|Any CPU
		{ED0FD45C-74A9-4192-9DD0-8C999B7D1FC1}.Release|Any CPU.Build.0 = Release|Any CPU
		{A743EF15-89E7-4E3B-A8A7-BF4AD91A61D9}.Debug|Any CPU.ActiveCfg = Debug|Any CPU
		{A743EF15-89E7-4E3B-A8A7-BF4AD91A61D9}.Debug|Any CPU.Build.0 = Debug|Any CPU
		{A743EF15-89E7-4E3B-A8A7-BF4AD91A61D9}.Release|Any CPU.ActiveCfg = Release|Any CPU
		{A743EF15-89E7-4E3B-A8A7-BF4AD91A61D9}.Release|Any CPU.Build.0 = Release|Any CPU
		{A0538969-E525-46C5-9697-411360504D72}.Debug|Any CPU.ActiveCfg = Debug|Any CPU
		{A0538969-E525-46C5-9697-411360504D72}.Debug|Any CPU.Build.0 = Debug|Any CPU
		{A0538969-E525-46C5-9697-411360504D72}.Release|Any CPU.ActiveCfg = Release|Any CPU
		{A0538969-E525-46C5-9697-411360504D72}.Release|Any CPU.Build.0 = Release|Any CPU
		{3D569105-5FFB-4DF9-97EF-474F1FA246C8}.Debug|Any CPU.ActiveCfg = Debug|Any CPU
		{3D569105-5FFB-4DF9-97EF-474F1FA246C8}.Debug|Any CPU.Build.0 = Debug|Any CPU
		{3D569105-5FFB-4DF9-97EF-474F1FA246C8}.Release|Any CPU.ActiveCfg = Release|Any CPU
		{3D569105-5FFB-4DF9-97EF-474F1FA246C8}.Release|Any CPU.Build.0 = Release|Any CPU
		{60CBCE5B-A69A-46E4-AEB0-8384E10E2CEC}.Debug|Any CPU.ActiveCfg = Debug|Any CPU
		{60CBCE5B-A69A-46E4-AEB0-8384E10E2CEC}.Debug|Any CPU.Build.0 = Debug|Any CPU
		{60CBCE5B-A69A-46E4-AEB0-8384E10E2CEC}.Release|Any CPU.ActiveCfg = Release|Any CPU
		{60CBCE5B-A69A-46E4-AEB0-8384E10E2CEC}.Release|Any CPU.Build.0 = Release|Any CPU
		{5BCA739D-2145-4415-93E7-441F843C07FD}.Debug|Any CPU.ActiveCfg = Debug|Any CPU
		{5BCA739D-2145-4415-93E7-441F843C07FD}.Debug|Any CPU.Build.0 = Debug|Any CPU
		{5BCA739D-2145-4415-93E7-441F843C07FD}.Release|Any CPU.ActiveCfg = Release|Any CPU
		{5BCA739D-2145-4415-93E7-441F843C07FD}.Release|Any CPU.Build.0 = Release|Any CPU
		{1C54960D-892E-46B3-ACBD-AA6FF879AF98}.Debug|Any CPU.ActiveCfg = Debug|Any CPU
		{1C54960D-892E-46B3-ACBD-AA6FF879AF98}.Debug|Any CPU.Build.0 = Debug|Any CPU
		{1C54960D-892E-46B3-ACBD-AA6FF879AF98}.Release|Any CPU.ActiveCfg = Release|Any CPU
		{1C54960D-892E-46B3-ACBD-AA6FF879AF98}.Release|Any CPU.Build.0 = Release|Any CPU
		{F673887D-7DAC-47AE-B331-E277B3E0E815}.Debug|Any CPU.ActiveCfg = Debug|Any CPU
		{F673887D-7DAC-47AE-B331-E277B3E0E815}.Debug|Any CPU.Build.0 = Debug|Any CPU
		{F673887D-7DAC-47AE-B331-E277B3E0E815}.Release|Any CPU.ActiveCfg = Release|Any CPU
		{F673887D-7DAC-47AE-B331-E277B3E0E815}.Release|Any CPU.Build.0 = Release|Any CPU
		{497ED91A-0720-42F2-BAC2-7A7F2595D305}.Debug|Any CPU.ActiveCfg = Debug|Any CPU
		{497ED91A-0720-42F2-BAC2-7A7F2595D305}.Debug|Any CPU.Build.0 = Debug|Any CPU
		{497ED91A-0720-42F2-BAC2-7A7F2595D305}.Release|Any CPU.ActiveCfg = Release|Any CPU
		{497ED91A-0720-42F2-BAC2-7A7F2595D305}.Release|Any CPU.Build.0 = Release|Any CPU
		{FDA189A4-ED04-4A0B-9F62-F0CD7C06D31A}.Debug|Any CPU.ActiveCfg = Debug|Any CPU
		{FDA189A4-ED04-4A0B-9F62-F0CD7C06D31A}.Debug|Any CPU.Build.0 = Debug|Any CPU
		{FDA189A4-ED04-4A0B-9F62-F0CD7C06D31A}.Release|Any CPU.ActiveCfg = Release|Any CPU
		{FDA189A4-ED04-4A0B-9F62-F0CD7C06D31A}.Release|Any CPU.Build.0 = Release|Any CPU
		{F253A0F5-68B8-4441-A5B1-41C0BE3F04B8}.Debug|Any CPU.ActiveCfg = Debug|Any CPU
		{F253A0F5-68B8-4441-A5B1-41C0BE3F04B8}.Debug|Any CPU.Build.0 = Debug|Any CPU
		{F253A0F5-68B8-4441-A5B1-41C0BE3F04B8}.Release|Any CPU.ActiveCfg = Release|Any CPU
		{F253A0F5-68B8-4441-A5B1-41C0BE3F04B8}.Release|Any CPU.Build.0 = Release|Any CPU
		{8299AAED-4532-44C8-9231-627421549C2C}.Debug|Any CPU.ActiveCfg = Debug|Any CPU
		{8299AAED-4532-44C8-9231-627421549C2C}.Debug|Any CPU.Build.0 = Debug|Any CPU
		{8299AAED-4532-44C8-9231-627421549C2C}.Release|Any CPU.ActiveCfg = Release|Any CPU
		{8299AAED-4532-44C8-9231-627421549C2C}.Release|Any CPU.Build.0 = Release|Any CPU
		{30242F5F-62EB-4449-9B0B-B3E6846D8044}.Debug|Any CPU.ActiveCfg = Debug|Any CPU
		{30242F5F-62EB-4449-9B0B-B3E6846D8044}.Debug|Any CPU.Build.0 = Debug|Any CPU
		{30242F5F-62EB-4449-9B0B-B3E6846D8044}.Release|Any CPU.ActiveCfg = Release|Any CPU
		{30242F5F-62EB-4449-9B0B-B3E6846D8044}.Release|Any CPU.Build.0 = Release|Any CPU
		{94AFDF59-5516-4DCC-AE84-9DB240C003CB}.Debug|Any CPU.ActiveCfg = Debug|Any CPU
		{94AFDF59-5516-4DCC-AE84-9DB240C003CB}.Debug|Any CPU.Build.0 = Debug|Any CPU
		{94AFDF59-5516-4DCC-AE84-9DB240C003CB}.Release|Any CPU.ActiveCfg = Release|Any CPU
		{94AFDF59-5516-4DCC-AE84-9DB240C003CB}.Release|Any CPU.Build.0 = Release|Any CPU
		{91A69A1D-16B2-419B-BBA9-A86066DF79CC}.Debug|Any CPU.ActiveCfg = Debug|Any CPU
		{91A69A1D-16B2-419B-BBA9-A86066DF79CC}.Debug|Any CPU.Build.0 = Debug|Any CPU
		{91A69A1D-16B2-419B-BBA9-A86066DF79CC}.Release|Any CPU.ActiveCfg = Release|Any CPU
		{91A69A1D-16B2-419B-BBA9-A86066DF79CC}.Release|Any CPU.Build.0 = Release|Any CPU
		{2DB0067F-B03C-4C14-9D59-68F5501EC68E}.Debug|Any CPU.ActiveCfg = Debug|Any CPU
		{2DB0067F-B03C-4C14-9D59-68F5501EC68E}.Debug|Any CPU.Build.0 = Debug|Any CPU
		{2DB0067F-B03C-4C14-9D59-68F5501EC68E}.Release|Any CPU.ActiveCfg = Release|Any CPU
		{2DB0067F-B03C-4C14-9D59-68F5501EC68E}.Release|Any CPU.Build.0 = Release|Any CPU
		{429783BB-3465-4EF6-89F7-74D36CFD49EC}.Debug|Any CPU.ActiveCfg = Debug|Any CPU
		{429783BB-3465-4EF6-89F7-74D36CFD49EC}.Debug|Any CPU.Build.0 = Debug|Any CPU
		{429783BB-3465-4EF6-89F7-74D36CFD49EC}.Release|Any CPU.ActiveCfg = Release|Any CPU
		{429783BB-3465-4EF6-89F7-74D36CFD49EC}.Release|Any CPU.Build.0 = Release|Any CPU
		{FBFF10BE-E8CC-4130-962F-42EE4624C6C2}.Debug|Any CPU.ActiveCfg = Debug|Any CPU
		{FBFF10BE-E8CC-4130-962F-42EE4624C6C2}.Debug|Any CPU.Build.0 = Debug|Any CPU
		{FBFF10BE-E8CC-4130-962F-42EE4624C6C2}.Release|Any CPU.ActiveCfg = Release|Any CPU
		{FBFF10BE-E8CC-4130-962F-42EE4624C6C2}.Release|Any CPU.Build.0 = Release|Any CPU
		{CFB4270F-626A-4077-84D9-8DE4DF96EE17}.Debug|Any CPU.ActiveCfg = Debug|Any CPU
		{CFB4270F-626A-4077-84D9-8DE4DF96EE17}.Debug|Any CPU.Build.0 = Debug|Any CPU
		{CFB4270F-626A-4077-84D9-8DE4DF96EE17}.Release|Any CPU.ActiveCfg = Release|Any CPU
		{CFB4270F-626A-4077-84D9-8DE4DF96EE17}.Release|Any CPU.Build.0 = Release|Any CPU
		{8D05A7A8-6429-4402-B16F-CFD578B74534}.Debug|Any CPU.ActiveCfg = Debug|Any CPU
		{8D05A7A8-6429-4402-B16F-CFD578B74534}.Debug|Any CPU.Build.0 = Debug|Any CPU
		{8D05A7A8-6429-4402-B16F-CFD578B74534}.Release|Any CPU.ActiveCfg = Release|Any CPU
		{8D05A7A8-6429-4402-B16F-CFD578B74534}.Release|Any CPU.Build.0 = Release|Any CPU
		{EF4BB992-492D-409E-865F-F1AD75FC0668}.Debug|Any CPU.ActiveCfg = Debug|Any CPU
		{EF4BB992-492D-409E-865F-F1AD75FC0668}.Debug|Any CPU.Build.0 = Debug|Any CPU
		{EF4BB992-492D-409E-865F-F1AD75FC0668}.Release|Any CPU.ActiveCfg = Release|Any CPU
		{EF4BB992-492D-409E-865F-F1AD75FC0668}.Release|Any CPU.Build.0 = Release|Any CPU
		{94EB3B01-3D24-4E52-991D-8FFEB8C29FEB}.Debug|Any CPU.ActiveCfg = Debug|Any CPU
		{94EB3B01-3D24-4E52-991D-8FFEB8C29FEB}.Debug|Any CPU.Build.0 = Debug|Any CPU
		{94EB3B01-3D24-4E52-991D-8FFEB8C29FEB}.Release|Any CPU.ActiveCfg = Release|Any CPU
		{94EB3B01-3D24-4E52-991D-8FFEB8C29FEB}.Release|Any CPU.Build.0 = Release|Any CPU
		{37891C91-9F7F-4FD7-B92C-172D62FDF037}.Debug|Any CPU.ActiveCfg = Debug|Any CPU
		{37891C91-9F7F-4FD7-B92C-172D62FDF037}.Debug|Any CPU.Build.0 = Debug|Any CPU
		{37891C91-9F7F-4FD7-B92C-172D62FDF037}.Release|Any CPU.ActiveCfg = Release|Any CPU
		{37891C91-9F7F-4FD7-B92C-172D62FDF037}.Release|Any CPU.Build.0 = Release|Any CPU
		{B7E53C1B-0E7B-4470-B6B8-3C9AFF46EC56}.Debug|Any CPU.ActiveCfg = Debug|Any CPU
		{B7E53C1B-0E7B-4470-B6B8-3C9AFF46EC56}.Debug|Any CPU.Build.0 = Debug|Any CPU
		{B7E53C1B-0E7B-4470-B6B8-3C9AFF46EC56}.Release|Any CPU.ActiveCfg = Release|Any CPU
		{B7E53C1B-0E7B-4470-B6B8-3C9AFF46EC56}.Release|Any CPU.Build.0 = Release|Any CPU
		{E33B0841-7125-4C38-9604-9F83B5362486}.Debug|Any CPU.ActiveCfg = Debug|Any CPU
		{E33B0841-7125-4C38-9604-9F83B5362486}.Debug|Any CPU.Build.0 = Debug|Any CPU
		{E33B0841-7125-4C38-9604-9F83B5362486}.Release|Any CPU.ActiveCfg = Release|Any CPU
		{E33B0841-7125-4C38-9604-9F83B5362486}.Release|Any CPU.Build.0 = Release|Any CPU
		{641E4EE7-373E-44B0-BD18-BA610258B740}.Debug|Any CPU.ActiveCfg = Debug|Any CPU
		{641E4EE7-373E-44B0-BD18-BA610258B740}.Debug|Any CPU.Build.0 = Debug|Any CPU
		{641E4EE7-373E-44B0-BD18-BA610258B740}.Release|Any CPU.ActiveCfg = Release|Any CPU
		{641E4EE7-373E-44B0-BD18-BA610258B740}.Release|Any CPU.Build.0 = Release|Any CPU
		{1E66796A-1861-4C88-B9DB-22F3F15A9633}.Debug|Any CPU.ActiveCfg = Debug|Any CPU
		{1E66796A-1861-4C88-B9DB-22F3F15A9633}.Debug|Any CPU.Build.0 = Debug|Any CPU
		{1E66796A-1861-4C88-B9DB-22F3F15A9633}.Release|Any CPU.ActiveCfg = Release|Any CPU
		{1E66796A-1861-4C88-B9DB-22F3F15A9633}.Release|Any CPU.Build.0 = Release|Any CPU
		{1F49D4F7-824C-43D1-BDE8-8607D1ED7FBA}.Debug|Any CPU.ActiveCfg = Debug|Any CPU
		{1F49D4F7-824C-43D1-BDE8-8607D1ED7FBA}.Debug|Any CPU.Build.0 = Debug|Any CPU
		{1F49D4F7-824C-43D1-BDE8-8607D1ED7FBA}.Release|Any CPU.ActiveCfg = Release|Any CPU
		{1F49D4F7-824C-43D1-BDE8-8607D1ED7FBA}.Release|Any CPU.Build.0 = Release|Any CPU
		{A71F942A-7042-4EEA-A4ED-EC13A24C2171}.Debug|Any CPU.ActiveCfg = Debug|Any CPU
		{A71F942A-7042-4EEA-A4ED-EC13A24C2171}.Debug|Any CPU.Build.0 = Debug|Any CPU
		{A71F942A-7042-4EEA-A4ED-EC13A24C2171}.Release|Any CPU.ActiveCfg = Release|Any CPU
		{A71F942A-7042-4EEA-A4ED-EC13A24C2171}.Release|Any CPU.Build.0 = Release|Any CPU
		{87C80A53-52D4-4E44-9F13-32892106E454}.Debug|Any CPU.ActiveCfg = Debug|Any CPU
		{87C80A53-52D4-4E44-9F13-32892106E454}.Debug|Any CPU.Build.0 = Debug|Any CPU
		{87C80A53-52D4-4E44-9F13-32892106E454}.Release|Any CPU.ActiveCfg = Release|Any CPU
		{87C80A53-52D4-4E44-9F13-32892106E454}.Release|Any CPU.Build.0 = Release|Any CPU
		{3D842042-B955-4BDA-9596-8ADC3C66EB28}.Debug|Any CPU.ActiveCfg = Debug|Any CPU
		{3D842042-B955-4BDA-9596-8ADC3C66EB28}.Debug|Any CPU.Build.0 = Debug|Any CPU
		{3D842042-B955-4BDA-9596-8ADC3C66EB28}.Release|Any CPU.ActiveCfg = Release|Any CPU
		{3D842042-B955-4BDA-9596-8ADC3C66EB28}.Release|Any CPU.Build.0 = Release|Any CPU
		{264B9961-5291-4B67-8AB0-A6958AFABBF3}.Debug|Any CPU.ActiveCfg = Debug|Any CPU
		{264B9961-5291-4B67-8AB0-A6958AFABBF3}.Debug|Any CPU.Build.0 = Debug|Any CPU
		{264B9961-5291-4B67-8AB0-A6958AFABBF3}.Release|Any CPU.ActiveCfg = Release|Any CPU
		{264B9961-5291-4B67-8AB0-A6958AFABBF3}.Release|Any CPU.Build.0 = Release|Any CPU
		{95EFB96D-7A50-4125-9AC2-5075E751BA5C}.Debug|Any CPU.ActiveCfg = Debug|Any CPU
		{95EFB96D-7A50-4125-9AC2-5075E751BA5C}.Debug|Any CPU.Build.0 = Debug|Any CPU
		{95EFB96D-7A50-4125-9AC2-5075E751BA5C}.Release|Any CPU.ActiveCfg = Release|Any CPU
		{95EFB96D-7A50-4125-9AC2-5075E751BA5C}.Release|Any CPU.Build.0 = Release|Any CPU
		{DC34B3ED-562F-4685-A4A9-CC9283C8BBB7}.Debug|Any CPU.ActiveCfg = Debug|Any CPU
		{DC34B3ED-562F-4685-A4A9-CC9283C8BBB7}.Debug|Any CPU.Build.0 = Debug|Any CPU
		{DC34B3ED-562F-4685-A4A9-CC9283C8BBB7}.Release|Any CPU.ActiveCfg = Release|Any CPU
		{DC34B3ED-562F-4685-A4A9-CC9283C8BBB7}.Release|Any CPU.Build.0 = Release|Any CPU
		{323BE714-1CCB-424A-9C33-803EA83B77F3}.Debug|Any CPU.ActiveCfg = Debug|Any CPU
		{323BE714-1CCB-424A-9C33-803EA83B77F3}.Debug|Any CPU.Build.0 = Debug|Any CPU
		{323BE714-1CCB-424A-9C33-803EA83B77F3}.Release|Any CPU.ActiveCfg = Release|Any CPU
		{323BE714-1CCB-424A-9C33-803EA83B77F3}.Release|Any CPU.Build.0 = Release|Any CPU
		{C3FF4248-5EB6-4E8D-8137-50698093D784}.Debug|Any CPU.ActiveCfg = Debug|Any CPU
		{C3FF4248-5EB6-4E8D-8137-50698093D784}.Debug|Any CPU.Build.0 = Debug|Any CPU
		{C3FF4248-5EB6-4E8D-8137-50698093D784}.Release|Any CPU.ActiveCfg = Release|Any CPU
		{C3FF4248-5EB6-4E8D-8137-50698093D784}.Release|Any CPU.Build.0 = Release|Any CPU
		{96988E6F-2202-4F17-95E6-57F5B7F41CDB}.Debug|Any CPU.ActiveCfg = Debug|Any CPU
		{96988E6F-2202-4F17-95E6-57F5B7F41CDB}.Debug|Any CPU.Build.0 = Debug|Any CPU
		{96988E6F-2202-4F17-95E6-57F5B7F41CDB}.Release|Any CPU.ActiveCfg = Release|Any CPU
		{96988E6F-2202-4F17-95E6-57F5B7F41CDB}.Release|Any CPU.Build.0 = Release|Any CPU
		{DB109C93-1475-44D8-BC1F-8BF144B2D203}.Debug|Any CPU.ActiveCfg = Debug|Any CPU
		{DB109C93-1475-44D8-BC1F-8BF144B2D203}.Debug|Any CPU.Build.0 = Debug|Any CPU
		{DB109C93-1475-44D8-BC1F-8BF144B2D203}.Release|Any CPU.ActiveCfg = Release|Any CPU
		{DB109C93-1475-44D8-BC1F-8BF144B2D203}.Release|Any CPU.Build.0 = Release|Any CPU
		{17CEC6AF-1906-43E3-A369-07B40BB3434F}.Debug|Any CPU.ActiveCfg = Debug|Any CPU
		{17CEC6AF-1906-43E3-A369-07B40BB3434F}.Debug|Any CPU.Build.0 = Debug|Any CPU
		{17CEC6AF-1906-43E3-A369-07B40BB3434F}.Release|Any CPU.ActiveCfg = Release|Any CPU
		{17CEC6AF-1906-43E3-A369-07B40BB3434F}.Release|Any CPU.Build.0 = Release|Any CPU
	EndGlobalSection
	GlobalSection(SolutionProperties) = preSolution
		HideSolutionNode = FALSE
	EndGlobalSection
	GlobalSection(ExtensibilityGlobals) = postSolution
		SolutionGuid = {F0247B02-02BC-45BD-87CD-4BC115A8F0B3}
	EndGlobalSection
EndGlobal
